
Microsoft Visual Studio Solution File, Format Version 12.00
# Visual Studio Version 17
VisualStudioVersion = 17.3.32922.545
MinimumVisualStudioVersion = 10.0.40219.1
Project("{8BC9CEB8-8B4A-11D0-8D11-00A0C91BC942}") = "Ejercicio_Parcial", "Ejercicio_Parcial\Ejercicio_Parcial.vcxproj", "{0F61BFD3-54A6-4B4D-B57A-17D6A4451BDC}"
EndProject
Global
	GlobalSection(SolutionConfigurationPlatforms) = preSolution
		Debug|x64 = Debug|x64
		Debug|x86 = Debug|x86
		Release|x64 = Release|x64
		Release|x86 = Release|x86
	EndGlobalSection
	GlobalSection(ProjectConfigurationPlatforms) = postSolution
		{0F61BFD3-54A6-4B4D-B57A-17D6A4451BDC}.Debug|x64.ActiveCfg = Debug|x64
		{0F61BFD3-54A6-4B4D-B57A-17D6A4451BDC}.Debug|x64.Build.0 = Debug|x64
		{0F61BFD3-54A6-4B4D-B57A-17D6A4451BDC}.Debug|x86.ActiveCfg = Debug|Win32
		{0F61BFD3-54A6-4B4D-B57A-17D6A4451BDC}.Debug|x86.Build.0 = Debug|Win32
		{0F61BFD3-54A6-4B4D-B57A-17D6A4451BDC}.Release|x64.ActiveCfg = Release|x64
		{0F61BFD3-54A6-4B4D-B57A-17D6A4451BDC}.Release|x64.Build.0 = Release|x64
		{0F61BFD3-54A6-4B4D-B57A-17D6A4451BDC}.Release|x86.ActiveCfg = Release|Win32
		{0F61BFD3-54A6-4B4D-B57A-17D6A4451BDC}.Release|x86.Build.0 = Release|Win32
	EndGlobalSection
	GlobalSection(SolutionProperties) = preSolution
		HideSolutionNode = FALSE
	EndGlobalSection
	GlobalSection(ExtensibilityGlobals) = postSolution
		SolutionGuid = {D9E1822D-DA06-4CF4-9353-8AA50EE71A72}
	EndGlobalSection
EndGlobal
